// !$*UTF8*$!
{
	archiveVersion = 1;
	classes = {
	};
	objectVersion = 46;
	objects = {

/* Begin PBXBuildFile section */
		F67E45451E5591AD00E87F09 /* AppDelegate.swift in Sources */ = {isa = PBXBuildFile; fileRef = F67E45441E5591AD00E87F09 /* AppDelegate.swift */; };
		F67E45471E5591AD00E87F09 /* ViewController.swift in Sources */ = {isa = PBXBuildFile; fileRef = F67E45461E5591AD00E87F09 /* ViewController.swift */; };
		F67E454A1E5591AD00E87F09 /* Main.storyboard in Resources */ = {isa = PBXBuildFile; fileRef = F67E45481E5591AD00E87F09 /* Main.storyboard */; };
		F67E454C1E5591AD00E87F09 /* Assets.xcassets in Resources */ = {isa = PBXBuildFile; fileRef = F67E454B1E5591AD00E87F09 /* Assets.xcassets */; };
		F67E454F1E5591AD00E87F09 /* LaunchScreen.storyboard in Resources */ = {isa = PBXBuildFile; fileRef = F67E454D1E5591AD00E87F09 /* LaunchScreen.storyboard */; };
		F67E45571E55938700E87F09 /* ColorServiceManager.swift in Sources */ = {isa = PBXBuildFile; fileRef = F67E45561E55938700E87F09 /* ColorServiceManager.swift */; };
/* End PBXBuildFile section */

/* Begin PBXFileReference section */
		F67E45411E5591AB00E87F09 /* Multipeer Connectivity.app */ = {isa = PBXFileReference; explicitFileType = wrapper.application; includeInIndex = 0; path = "Multipeer Connectivity.app"; sourceTree = BUILT_PRODUCTS_DIR; };
		F67E45441E5591AD00E87F09 /* AppDelegate.swift */ = {isa = PBXFileReference; lastKnownFileType = sourcecode.swift; path = AppDelegate.swift; sourceTree = "<group>"; };
		F67E45461E5591AD00E87F09 /* ViewController.swift */ = {isa = PBXFileReference; lastKnownFileType = sourcecode.swift; path = ViewController.swift; sourceTree = "<group>"; };
		F67E45491E5591AD00E87F09 /* Base */ = {isa = PBXFileReference; lastKnownFileType = file.storyboard; name = Base; path = Base.lproj/Main.storyboard; sourceTree = "<group>"; };
		F67E454B1E5591AD00E87F09 /* Assets.xcassets */ = {isa = PBXFileReference; lastKnownFileType = folder.assetcatalog; path = Assets.xcassets; sourceTree = "<group>"; };
		F67E454E1E5591AD00E87F09 /* Base */ = {isa = PBXFileReference; lastKnownFileType = file.storyboard; name = Base; path = Base.lproj/LaunchScreen.storyboard; sourceTree = "<group>"; };
		F67E45501E5591AD00E87F09 /* Info.plist */ = {isa = PBXFileReference; lastKnownFileType = text.plist.xml; path = Info.plist; sourceTree = "<group>"; };
		F67E45561E55938700E87F09 /* ColorServiceManager.swift */ = {isa = PBXFileReference; fileEncoding = 4; lastKnownFileType = sourcecode.swift; path = ColorServiceManager.swift; sourceTree = "<group>"; };
/* End PBXFileReference section */

/* Begin PBXFrameworksBuildPhase section */
		F67E453E1E5591AB00E87F09 /* Frameworks */ = {
			isa = PBXFrameworksBuildPhase;
			buildActionMask = 2147483647;
			files = (
			);
			runOnlyForDeploymentPostprocessing = 0;
		};
/* End PBXFrameworksBuildPhase section */

/* Begin PBXGroup section */
		F67E45381E5591A900E87F09 = {
			isa = PBXGroup;
			children = (
				F67E45431E5591AC00E87F09 /* Multipeer Connectivity */,
				F67E45421E5591AB00E87F09 /* Products */,
			);
			sourceTree = "<group>";
		};
		F67E45421E5591AB00E87F09 /* Products */ = {
			isa = PBXGroup;
			children = (
				F67E45411E5591AB00E87F09 /* Multipeer Connectivity.app */,
			);
			name = Products;
			sourceTree = "<group>";
		};
		F67E45431E5591AC00E87F09 /* Multipeer Connectivity */ = {
			isa = PBXGroup;
			children = (
				F67E45441E5591AD00E87F09 /* AppDelegate.swift */,
				F67E45561E55938700E87F09 /* ColorServiceManager.swift */,
				F67E45461E5591AD00E87F09 /* ViewController.swift */,
				F67E45481E5591AD00E87F09 /* Main.storyboard */,
				F67E454B1E5591AD00E87F09 /* Assets.xcassets */,
				F67E454D1E5591AD00E87F09 /* LaunchScreen.storyboard */,
				F67E45501E5591AD00E87F09 /* Info.plist */,
			);
			path = "Multipeer Connectivity";
			sourceTree = "<group>";
		};
/* End PBXGroup section */

/* Begin PBXNativeTarget section */
		F67E45401E5591AB00E87F09 /* Multipeer Connectivity */ = {
			isa = PBXNativeTarget;
			buildConfigurationList = F67E45531E5591AD00E87F09 /* Build configuration list for PBXNativeTarget "Multipeer Connectivity" */;
			buildPhases = (
				F67E453D1E5591AB00E87F09 /* Sources */,
				F67E453E1E5591AB00E87F09 /* Frameworks */,
				F67E453F1E5591AB00E87F09 /* Resources */,
			);
			buildRules = (
			);
			dependencies = (
			);
			name = "Multipeer Connectivity";
			productName = "Multipeer Connectivity";
			productReference = F67E45411E5591AB00E87F09 /* Multipeer Connectivity.app */;
			productType = "com.apple.product-type.application";
		};
/* End PBXNativeTarget section */

/* Begin PBXProject section */
		F67E45391E5591AA00E87F09 /* Project object */ = {
			isa = PBXProject;
			attributes = {
				LastSwiftUpdateCheck = 0730;
				LastUpgradeCheck = 0730;
				ORGANIZATIONNAME = Slbd;
				TargetAttributes = {
					F67E45401E5591AB00E87F09 = {
						CreatedOnToolsVersion = 7.3.1;
						SystemCapabilities = {
							com.apple.BackgroundModes = {
								enabled = 1;
							};
						};
					};
				};
			};
			buildConfigurationList = F67E453C1E5591AA00E87F09 /* Build configuration list for PBXProject "Multipeer Connectivity" */;
			compatibilityVersion = "Xcode 3.2";
			developmentRegion = English;
			hasScannedForEncodings = 0;
			knownRegions = (
				en,
				Base,
			);
			mainGroup = F67E45381E5591A900E87F09;
			productRefGroup = F67E45421E5591AB00E87F09 /* Products */;
			projectDirPath = "";
			projectRoot = "";
			targets = (
				F67E45401E5591AB00E87F09 /* Multipeer Connectivity */,
			);
		};
/* End PBXProject section */

/* Begin PBXResourcesBuildPhase section */
		F67E453F1E5591AB00E87F09 /* Resources */ = {
			isa = PBXResourcesBuildPhase;
			buildActionMask = 2147483647;
			files = (
				F67E454F1E5591AD00E87F09 /* LaunchScreen.storyboard in Resources */,
				F67E454C1E5591AD00E87F09 /* Assets.xcassets in Resources */,
				F67E454A1E5591AD00E87F09 /* Main.storyboard in Resources */,
			);
			runOnlyForDeploymentPostprocessing = 0;
		};
/* End PBXResourcesBuildPhase section */

/* Begin PBXSourcesBuildPhase section */
		F67E453D1E5591AB00E87F09 /* Sources */ = {
			isa = PBXSourcesBuildPhase;
			buildActionMask = 2147483647;
			files = (
				F67E45471E5591AD00E87F09 /* ViewController.swift in Sources */,
				F67E45451E5591AD00E87F09 /* AppDelegate.swift in Sources */,
				F67E45571E55938700E87F09 /* ColorServiceManager.swift in Sources */,
			);
			runOnlyForDeploymentPostprocessing = 0;
		};
/* End PBXSourcesBuildPhase section */

/* Begin PBXVariantGroup section */
		F67E45481E5591AD00E87F09 /* Main.storyboard */ = {
			isa = PBXVariantGroup;
			children = (
				F67E45491E5591AD00E87F09 /* Base */,
			);
			name = Main.storyboard;
			sourceTree = "<group>";
		};
		F67E454D1E5591AD00E87F09 /* LaunchScreen.storyboard */ = {
			isa = PBXVariantGroup;
			children = (
				F67E454E1E5591AD00E87F09 /* Base */,
			);
			name = LaunchScreen.storyboard;
			sourceTree = "<group>";
		};
/* End PBXVariantGroup section */

/* Begin XCBuildConfiguration section */
		F67E45511E5591AD00E87F09 /* Debug */ = {
			isa = XCBuildConfiguration;
			buildSettings = {
				ALWAYS_SEARCH_USER_PATHS = NO;
				CLANG_ANALYZER_NONNULL = YES;
				CLANG_CXX_LANGUAGE_STANDARD = "gnu++0x";
				CLANG_CXX_LIBRARY = "libc++";
				CLANG_ENABLE_MODULES = YES;
				CLANG_ENABLE_OBJC_ARC = YES;
				CLANG_WARN_BOOL_CONVERSION = YES;
				CLANG_WARN_CONSTANT_CONVERSION = YES;
				CLANG_WARN_DIRECT_OBJC_ISA_USAGE = YES_ERROR;
				CLANG_WARN_EMPTY_BODY = YES;
				CLANG_WARN_ENUM_CONVERSION = YES;
				CLANG_WARN_INT_CONVERSION = YES;
				CLANG_WARN_OBJC_ROOT_CLASS = YES_ERROR;
				CLANG_WARN_UNREACHABLE_CODE = YES;
				CLANG_WARN__DUPLICATE_METHOD_MATCH = YES;
				"CODE_SIGN_IDENTITY[sdk=iphoneos*]" = "iPhone Developer";
				COPY_PHASE_STRIP = NO;
				DEBUG_INFORMATION_FORMAT = dwarf;
				ENABLE_STRICT_OBJC_MSGSEND = YES;
				ENABLE_TESTABILITY = YES;
				GCC_C_LANGUAGE_STANDARD = gnu99;
				GCC_DYNAMIC_NO_PIC = NO;
				GCC_NO_COMMON_BLOCKS = YES;
				GCC_OPTIMIZATION_LEVEL = 0;
				GCC_PREPROCESSOR_DEFINITIONS = (
					"DEBUG=1",
					"$(inherited)",
				);
				GCC_WARN_64_TO_32_BIT_CONVERSION = YES;
				GCC_WARN_ABOUT_RETURN_TYPE = YES_ERROR;
				GCC_WARN_UNDECLARED_SELECTOR = YES;
				GCC_WARN_UNINITIALIZED_AUTOS = YES_AGGRESSIVE;
				GCC_WARN_UNUSED_FUNCTION = YES;
				GCC_WARN_UNUSED_VARIABLE = YES;
				IPHONEOS_DEPLOYMENT_TARGET = 9.3;
				MTL_ENABLE_DEBUG_INFO = YES;
				ONLY_ACTIVE_ARCH = YES;
				SDKROOT = iphoneos;
				SWIFT_OPTIMIZATION_LEVEL = "-Onone";
				TARGETED_DEVICE_FAMILY = "1,2";
			};
			name = Debug;
		};
		F67E45521E5591AD00E87F09 /* Release */ = {
			isa = XCBuildConfiguration;
			buildSettings = {
				ALWAYS_SEARCH_USER_PATHS = NO;
				CLANG_ANALYZER_NONNULL = YES;
				CLANG_CXX_LANGUAGE_STANDARD = "gnu++0x";
				CLANG_CXX_LIBRARY = "libc++";
				CLANG_ENABLE_MODULES = YES;
				CLANG_ENABLE_OBJC_ARC = YES;
				CLANG_WARN_BOOL_CONVERSION = YES;
				CLANG_WARN_CONSTANT_CONVERSION = YES;
				CLANG_WARN_DIRECT_OBJC_ISA_USAGE = YES_ERROR;
				CLANG_WARN_EMPTY_BODY = YES;
				CLANG_WARN_ENUM_CONVERSION = YES;
				CLANG_WARN_INT_CONVERSION = YES;
				CLANG_WARN_OBJC_ROOT_CLASS = YES_ERROR;
				CLANG_WARN_UNREACHABLE_CODE = YES;
				CLANG_WARN__DUPLICATE_METHOD_MATCH = YES;
				"CODE_SIGN_IDENTITY[sdk=iphoneos*]" = "iPhone Developer";
				COPY_PHASE_STRIP = NO;
				DEBUG_INFORMATION_FORMAT = "dwarf-with-dsym";
				ENABLE_NS_ASSERTIONS = NO;
				ENABLE_STRICT_OBJC_MSGSEND = YES;
				GCC_C_LANGUAGE_STANDARD = gnu99;
				GCC_NO_COMMON_BLOCKS = YES;
				GCC_WARN_64_TO_32_BIT_CONVERSION = YES;
				GCC_WARN_ABOUT_RETURN_TYPE = YES_ERROR;
				GCC_WARN_UNDECLARED_SELECTOR = YES;
				GCC_WARN_UNINITIALIZED_AUTOS = YES_AGGRESSIVE;
				GCC_WARN_UNUSED_FUNCTION = YES;
				GCC_WARN_UNUSED_VARIABLE = YES;
				IPHONEOS_DEPLOYMENT_TARGET = 9.3;
				MTL_ENABLE_DEBUG_INFO = NO;
				SDKROOT = iphoneos;
				TARGETED_DEVICE_FAMILY = "1,2";
				VALIDATE_PRODUCT = YES;
			};
			name = Release;
		};
		F67E45541E5591AD00E87F09 /* Debug */ = {
			isa = XCBuildConfiguration;
			buildSettings = {
				ASSETCATALOG_COMPILER_APPICON_NAME = AppIcon;
				INFOPLIST_FILE = "Multipeer Connectivity/Info.plist";
				LD_RUNPATH_SEARCH_PATHS = "$(inherited) @executable_path/Frameworks";
				PRODUCT_BUNDLE_IDENTIFIER = "com.slbd.Multipeer-Connectivity";
				PRODUCT_NAME = "$(TARGET_NAME)";
			};
			name = Debug;
		};
		F67E45551E5591AD00E87F09 /* Release */ = {
			isa = XCBuildConfiguration;
			buildSettings = {
				ASSETCATALOG_COMPILER_APPICON_NAME = AppIcon;
				INFOPLIST_FILE = "Multipeer Connectivity/Info.plist";
				LD_RUNPATH_SEARCH_PATHS = "$(inherited) @executable_path/Frameworks";
				PRODUCT_BUNDLE_IDENTIFIER = "com.slbd.Multipeer-Connectivity";
				PRODUCT_NAME = "$(TARGET_NAME)";
			};
			name = Release;
		};
/* End XCBuildConfiguration section */

/* Begin XCConfigurationList section */
		F67E453C1E5591AA00E87F09 /* Build configuration list for PBXProject "Multipeer Connectivity" */ = {
			isa = XCConfigurationList;
			buildConfigurations = (
				F67E45511E5591AD00E87F09 /* Debug */,
				F67E45521E5591AD00E87F09 /* Release */,
			);
			defaultConfigurationIsVisible = 0;
			defaultConfigurationName = Release;
		};
		F67E45531E5591AD00E87F09 /* Build configuration list for PBXNativeTarget "Multipeer Connectivity" */ = {
			isa = XCConfigurationList;
			buildConfigurations = (
				F67E45541E5591AD00E87F09 /* Debug */,
				F67E45551E5591AD00E87F09 /* Release */,
			);
			defaultConfigurationIsVisible = 0;
		};
/* End XCConfigurationList section */
	};
	rootObject = F67E45391E5591AA00E87F09 /* Project object */;
}
